
Microsoft Visual Studio Solution File, Format Version 12.00
# Visual Studio Version 16
VisualStudioVersion = 16.0.30011.22
MinimumVisualStudioVersion = 10.0.40219.1
Project("{FAE04EC0-301F-11D3-BF4B-00C04F79EFBC}") = "CommunitiesWinApi", "CommunitiesWinApi.csproj", "{AC06198D-881C-4FBF-95A6-AFD9130B0221}"
EndProject
Global
	GlobalSection(SolutionConfigurationPlatforms) = preSolution
		Debug|Any CPU = Debug|Any CPU
		Release|Any CPU = Release|Any CPU
	EndGlobalSection
	GlobalSection(ProjectConfigurationPlatforms) = postSolution
		{AC06198D-881C-4FBF-95A6-AFD9130B0221}.Debug|Any CPU.ActiveCfg = Debug|Any CPU
		{AC06198D-881C-4FBF-95A6-AFD9130B0221}.Debug|Any CPU.Build.0 = Debug|Any CPU
		{AC06198D-881C-4FBF-95A6-AFD9130B0221}.Release|Any CPU.ActiveCfg = Release|Any CPU
		{AC06198D-881C-4FBF-95A6-AFD9130B0221}.Release|Any CPU.Build.0 = Release|Any CPU
	EndGlobalSection
	GlobalSection(SolutionProperties) = preSolution
		HideSolutionNode = FALSE
	EndGlobalSection
	GlobalSection(ExtensibilityGlobals) = postSolution
		SolutionGuid = {CE958354-A601-4C3F-9E90-191509D5EF46}
	EndGlobalSection
EndGlobal
